// !$*UTF8*$!
{
	archiveVersion = 1;
	classes = {
	};
	objectVersion = 56;
	objects = {

/* Begin PBXBuildFile section */
		04F450B02C5122650041432B /* Password_ManagerApp.swift in Sources */ = {isa = PBXBuildFile; fileRef = 04F450AF2C5122650041432B /* Password_ManagerApp.swift */; };
		04F450B22C5122650041432B /* ContentView.swift in Sources */ = {isa = PBXBuildFile; fileRef = 04F450B12C5122650041432B /* ContentView.swift */; };
		04F450B42C5122660041432B /* Assets.xcassets in Resources */ = {isa = PBXBuildFile; fileRef = 04F450B32C5122660041432B /* Assets.xcassets */; };
		04F450B72C5122660041432B /* Preview Assets.xcassets in Resources */ = {isa = PBXBuildFile; fileRef = 04F450B62C5122660041432B /* Preview Assets.xcassets */; };
		04F450C02C5126BA0041432B /* FirebaseAnalytics in Frameworks */ = {isa = PBXBuildFile; productRef = 04F450BF2C5126BA0041432B /* FirebaseAnalytics */; };
		04F450C22C5126BA0041432B /* FirebaseAnalyticsOnDeviceConversion in Frameworks */ = {isa = PBXBuildFile; productRef = 04F450C12C5126BA0041432B /* FirebaseAnalyticsOnDeviceConversion */; };
		04F450C42C5126BA0041432B /* FirebaseAnalyticsSwift in Frameworks */ = {isa = PBXBuildFile; productRef = 04F450C32C5126BA0041432B /* FirebaseAnalyticsSwift */; };
		04F450C62C5126BA0041432B /* FirebaseAnalyticsWithoutAdIdSupport in Frameworks */ = {isa = PBXBuildFile; productRef = 04F450C52C5126BA0041432B /* FirebaseAnalyticsWithoutAdIdSupport */; };
		04F450C82C5126BA0041432B /* FirebaseAppCheck in Frameworks */ = {isa = PBXBuildFile; productRef = 04F450C72C5126BA0041432B /* FirebaseAppCheck */; };
		04F450CA2C5126BA0041432B /* FirebaseAppDistribution-Beta in Frameworks */ = {isa = PBXBuildFile; productRef = 04F450C92C5126BA0041432B /* FirebaseAppDistribution-Beta */; };
		04F450CC2C5126BA0041432B /* FirebaseAuth in Frameworks */ = {isa = PBXBuildFile; productRef = 04F450CB2C5126BA0041432B /* FirebaseAuth */; };
		04F450CE2C5126BA0041432B /* FirebaseAuthCombine-Community in Frameworks */ = {isa = PBXBuildFile; productRef = 04F450CD2C5126BA0041432B /* FirebaseAuthCombine-Community */; };
		04F450D02C5126BA0041432B /* FirebaseCrashlytics in Frameworks */ = {isa = PBXBuildFile; productRef = 04F450CF2C5126BA0041432B /* FirebaseCrashlytics */; };
		04F450D22C5126BA0041432B /* FirebaseDatabase in Frameworks */ = {isa = PBXBuildFile; productRef = 04F450D12C5126BA0041432B /* FirebaseDatabase */; };
		04F450D42C5126BA0041432B /* FirebaseDatabaseSwift in Frameworks */ = {isa = PBXBuildFile; productRef = 04F450D32C5126BA0041432B /* FirebaseDatabaseSwift */; };
		04F450D62C5126BA0041432B /* FirebaseDynamicLinks in Frameworks */ = {isa = PBXBuildFile; productRef = 04F450D52C5126BA0041432B /* FirebaseDynamicLinks */; };
		04F450D82C5126BA0041432B /* FirebaseFirestore in Frameworks */ = {isa = PBXBuildFile; productRef = 04F450D72C5126BA0041432B /* FirebaseFirestore */; };
		04F450DA2C5126BA0041432B /* FirebaseFirestoreCombine-Community in Frameworks */ = {isa = PBXBuildFile; productRef = 04F450D92C5126BA0041432B /* FirebaseFirestoreCombine-Community */; };
		04F450DC2C5126BA0041432B /* FirebaseFirestoreSwift in Frameworks */ = {isa = PBXBuildFile; productRef = 04F450DB2C5126BA0041432B /* FirebaseFirestoreSwift */; };
		04F450DE2C5126BA0041432B /* FirebaseFunctions in Frameworks */ = {isa = PBXBuildFile; productRef = 04F450DD2C5126BA0041432B /* FirebaseFunctions */; };
		04F450E02C5126BA0041432B /* FirebaseFunctionsCombine-Community in Frameworks */ = {isa = PBXBuildFile; productRef = 04F450DF2C5126BA0041432B /* FirebaseFunctionsCombine-Community */; };
		04F450E22C5126BA0041432B /* FirebaseInAppMessaging-Beta in Frameworks */ = {isa = PBXBuildFile; productRef = 04F450E12C5126BA0041432B /* FirebaseInAppMessaging-Beta */; };
		04F450E42C5126BA0041432B /* FirebaseInAppMessagingSwift-Beta in Frameworks */ = {isa = PBXBuildFile; productRef = 04F450E32C5126BA0041432B /* FirebaseInAppMessagingSwift-Beta */; };
		04F450E62C5126BA0041432B /* FirebaseInstallations in Frameworks */ = {isa = PBXBuildFile; productRef = 04F450E52C5126BA0041432B /* FirebaseInstallations */; };
		04F450E82C5126BA0041432B /* FirebaseMLModelDownloader in Frameworks */ = {isa = PBXBuildFile; productRef = 04F450E72C5126BA0041432B /* FirebaseMLModelDownloader */; };
		04F450EA2C5126BA0041432B /* FirebaseMessaging in Frameworks */ = {isa = PBXBuildFile; productRef = 04F450E92C5126BA0041432B /* FirebaseMessaging */; };
		04F450EC2C5126BA0041432B /* FirebasePerformance in Frameworks */ = {isa = PBXBuildFile; productRef = 04F450EB2C5126BA0041432B /* FirebasePerformance */; };
		04F450EE2C5126BA0041432B /* FirebaseRemoteConfig in Frameworks */ = {isa = PBXBuildFile; productRef = 04F450ED2C5126BA0041432B /* FirebaseRemoteConfig */; };
		04F450F02C5126BA0041432B /* FirebaseRemoteConfigSwift in Frameworks */ = {isa = PBXBuildFile; productRef = 04F450EF2C5126BA0041432B /* FirebaseRemoteConfigSwift */; };
		04F450F22C5126BA0041432B /* FirebaseStorage in Frameworks */ = {isa = PBXBuildFile; productRef = 04F450F12C5126BA0041432B /* FirebaseStorage */; };
		04F450F42C5126BA0041432B /* FirebaseStorageCombine-Community in Frameworks */ = {isa = PBXBuildFile; productRef = 04F450F32C5126BA0041432B /* FirebaseStorageCombine-Community */; };
		04F450F62C5126BA0041432B /* FirebaseVertexAI-Preview in Frameworks */ = {isa = PBXBuildFile; productRef = 04F450F52C5126BA0041432B /* FirebaseVertexAI-Preview */; };
		04F450F92C5126F20041432B /* GoogleSignIn in Frameworks */ = {isa = PBXBuildFile; productRef = 04F450F82C5126F20041432B /* GoogleSignIn */; };
		04F450FB2C5126F20041432B /* GoogleSignInSwift in Frameworks */ = {isa = PBXBuildFile; productRef = 04F450FA2C5126F20041432B /* GoogleSignInSwift */; };
		04F450FD2C5127BF0041432B /* GoogleService-Info.plist in Resources */ = {isa = PBXBuildFile; fileRef = 04F450FC2C5127BF0041432B /* GoogleService-Info.plist */; };
		04F451012C5147B30041432B /* EmailViewModel.swift in Sources */ = {isa = PBXBuildFile; fileRef = 04F451002C5147B30041432B /* EmailViewModel.swift */; };
		04F451032C5147E70041432B /* AuthenticationModel.swift in Sources */ = {isa = PBXBuildFile; fileRef = 04F451022C5147E70041432B /* AuthenticationModel.swift */; };
		04F451052C5148760041432B /* EmailView.swift in Sources */ = {isa = PBXBuildFile; fileRef = 04F451042C5148760041432B /* EmailView.swift */; };
		04F451072C515A530041432B /* AuthenticationManager.swift in Sources */ = {isa = PBXBuildFile; fileRef = 04F451062C515A530041432B /* AuthenticationManager.swift */; };
/* End PBXBuildFile section */

/* Begin PBXFileReference section */
		04F450AC2C5122650041432B /* Password_Manager.app */ = {isa = PBXFileReference; explicitFileType = wrapper.application; includeInIndex = 0; path = Password_Manager.app; sourceTree = BUILT_PRODUCTS_DIR; };
		04F450AF2C5122650041432B /* Password_ManagerApp.swift */ = {isa = PBXFileReference; lastKnownFileType = sourcecode.swift; path = Password_ManagerApp.swift; sourceTree = "<group>"; };
		04F450B12C5122650041432B /* ContentView.swift */ = {isa = PBXFileReference; lastKnownFileType = sourcecode.swift; path = ContentView.swift; sourceTree = "<group>"; };
		04F450B32C5122660041432B /* Assets.xcassets */ = {isa = PBXFileReference; lastKnownFileType = folder.assetcatalog; path = Assets.xcassets; sourceTree = "<group>"; };
		04F450B62C5122660041432B /* Preview Assets.xcassets */ = {isa = PBXFileReference; lastKnownFileType = folder.assetcatalog; path = "Preview Assets.xcassets"; sourceTree = "<group>"; };
		04F450FC2C5127BF0041432B /* GoogleService-Info.plist */ = {isa = PBXFileReference; fileEncoding = 4; lastKnownFileType = text.plist.xml; path = "GoogleService-Info.plist"; sourceTree = "<group>"; };
		04F450FE2C512CE50041432B /* Password-Manager-Info.plist */ = {isa = PBXFileReference; lastKnownFileType = text.plist; path = "Password-Manager-Info.plist"; sourceTree = SOURCE_ROOT; };
		04F451002C5147B30041432B /* EmailViewModel.swift */ = {isa = PBXFileReference; lastKnownFileType = sourcecode.swift; path = EmailViewModel.swift; sourceTree = "<group>"; };
		04F451022C5147E70041432B /* AuthenticationModel.swift */ = {isa = PBXFileReference; lastKnownFileType = sourcecode.swift; path = AuthenticationModel.swift; sourceTree = "<group>"; };
		04F451042C5148760041432B /* EmailView.swift */ = {isa = PBXFileReference; lastKnownFileType = sourcecode.swift; path = EmailView.swift; sourceTree = "<group>"; };
		04F451062C515A530041432B /* AuthenticationManager.swift */ = {isa = PBXFileReference; lastKnownFileType = sourcecode.swift; path = AuthenticationManager.swift; sourceTree = "<group>"; };
/* End PBXFileReference section */

/* Begin PBXFrameworksBuildPhase section */
		04F450A92C5122650041432B /* Frameworks */ = {
			isa = PBXFrameworksBuildPhase;
			buildActionMask = 2147483647;
			files = (
				04F450D22C5126BA0041432B /* FirebaseDatabase in Frameworks */,
				04F450E02C5126BA0041432B /* FirebaseFunctionsCombine-Community in Frameworks */,
				04F450D82C5126BA0041432B /* FirebaseFirestore in Frameworks */,
				04F450C42C5126BA0041432B /* FirebaseAnalyticsSwift in Frameworks */,
				04F450C02C5126BA0041432B /* FirebaseAnalytics in Frameworks */,
				04F450C22C5126BA0041432B /* FirebaseAnalyticsOnDeviceConversion in Frameworks */,
				04F450E82C5126BA0041432B /* FirebaseMLModelDownloader in Frameworks */,
				04F450DC2C5126BA0041432B /* FirebaseFirestoreSwift in Frameworks */,
				04F450C82C5126BA0041432B /* FirebaseAppCheck in Frameworks */,
				04F450F92C5126F20041432B /* GoogleSignIn in Frameworks */,
				04F450C62C5126BA0041432B /* FirebaseAnalyticsWithoutAdIdSupport in Frameworks */,
				04F450CC2C5126BA0041432B /* FirebaseAuth in Frameworks */,
				04F450D02C5126BA0041432B /* FirebaseCrashlytics in Frameworks */,
				04F450F02C5126BA0041432B /* FirebaseRemoteConfigSwift in Frameworks */,
				04F450E22C5126BA0041432B /* FirebaseInAppMessaging-Beta in Frameworks */,
				04F450FB2C5126F20041432B /* GoogleSignInSwift in Frameworks */,
				04F450D42C5126BA0041432B /* FirebaseDatabaseSwift in Frameworks */,
				04F450DE2C5126BA0041432B /* FirebaseFunctions in Frameworks */,
				04F450F42C5126BA0041432B /* FirebaseStorageCombine-Community in Frameworks */,
				04F450EE2C5126BA0041432B /* FirebaseRemoteConfig in Frameworks */,
				04F450CA2C5126BA0041432B /* FirebaseAppDistribution-Beta in Frameworks */,
				04F450CE2C5126BA0041432B /* FirebaseAuthCombine-Community in Frameworks */,
				04F450EC2C5126BA0041432B /* FirebasePerformance in Frameworks */,
				04F450E42C5126BA0041432B /* FirebaseInAppMessagingSwift-Beta in Frameworks */,
				04F450F22C5126BA0041432B /* FirebaseStorage in Frameworks */,
				04F450D62C5126BA0041432B /* FirebaseDynamicLinks in Frameworks */,
				04F450F62C5126BA0041432B /* FirebaseVertexAI-Preview in Frameworks */,
				04F450DA2C5126BA0041432B /* FirebaseFirestoreCombine-Community in Frameworks */,
				04F450EA2C5126BA0041432B /* FirebaseMessaging in Frameworks */,
				04F450E62C5126BA0041432B /* FirebaseInstallations in Frameworks */,
			);
			runOnlyForDeploymentPostprocessing = 0;
		};
/* End PBXFrameworksBuildPhase section */

/* Begin PBXGroup section */
		04F450A32C5122640041432B = {
			isa = PBXGroup;
			children = (
				04F450AE2C5122650041432B /* Password_Manager */,
				04F450AD2C5122650041432B /* Products */,
			);
			sourceTree = "<group>";
		};
		04F450AD2C5122650041432B /* Products */ = {
			isa = PBXGroup;
			children = (
				04F450AC2C5122650041432B /* Password_Manager.app */,
			);
			name = Products;
			sourceTree = "<group>";
		};
		04F450AE2C5122650041432B /* Password_Manager */ = {
			isa = PBXGroup;
			children = (
				04F450FE2C512CE50041432B /* Password-Manager-Info.plist */,
				04F450BD2C51258E0041432B /* Authentication */,
				04F450AF2C5122650041432B /* Password_ManagerApp.swift */,
				04F450B12C5122650041432B /* ContentView.swift */,
				04F450B32C5122660041432B /* Assets.xcassets */,
				04F450FC2C5127BF0041432B /* GoogleService-Info.plist */,
				04F450B52C5122660041432B /* Preview Content */,
			);
			path = Password_Manager;
			sourceTree = "<group>";
		};
		04F450B52C5122660041432B /* Preview Content */ = {
			isa = PBXGroup;
			children = (
				04F450B62C5122660041432B /* Preview Assets.xcassets */,
			);
			path = "Preview Content";
			sourceTree = "<group>";
		};
		04F450BD2C51258E0041432B /* Authentication */ = {
			isa = PBXGroup;
			children = (
				04F450FF2C5147980041432B /* Email */,
				04F451022C5147E70041432B /* AuthenticationModel.swift */,
				04F451062C515A530041432B /* AuthenticationManager.swift */,
			);
			path = Authentication;
			sourceTree = "<group>";
		};
		04F450FF2C5147980041432B /* Email */ = {
			isa = PBXGroup;
			children = (
				04F451002C5147B30041432B /* EmailViewModel.swift */,
				04F451042C5148760041432B /* EmailView.swift */,
			);
			path = Email;
			sourceTree = "<group>";
		};
/* End PBXGroup section */

/* Begin PBXNativeTarget section */
		04F450AB2C5122650041432B /* Password_Manager */ = {
			isa = PBXNativeTarget;
			buildConfigurationList = 04F450BA2C5122660041432B /* Build configuration list for PBXNativeTarget "Password_Manager" */;
			buildPhases = (
				04F450A82C5122650041432B /* Sources */,
				04F450A92C5122650041432B /* Frameworks */,
				04F450AA2C5122650041432B /* Resources */,
			);
			buildRules = (
			);
			dependencies = (
			);
			name = Password_Manager;
			packageProductDependencies = (
				04F450BF2C5126BA0041432B /* FirebaseAnalytics */,
				04F450C12C5126BA0041432B /* FirebaseAnalyticsOnDeviceConversion */,
				04F450C32C5126BA0041432B /* FirebaseAnalyticsSwift */,
				04F450C52C5126BA0041432B /* FirebaseAnalyticsWithoutAdIdSupport */,
				04F450C72C5126BA0041432B /* FirebaseAppCheck */,
				04F450C92C5126BA0041432B /* FirebaseAppDistribution-Beta */,
				04F450CB2C5126BA0041432B /* FirebaseAuth */,
				04F450CD2C5126BA0041432B /* FirebaseAuthCombine-Community */,
				04F450CF2C5126BA0041432B /* FirebaseCrashlytics */,
				04F450D12C5126BA0041432B /* FirebaseDatabase */,
				04F450D32C5126BA0041432B /* FirebaseDatabaseSwift */,
				04F450D52C5126BA0041432B /* FirebaseDynamicLinks */,
				04F450D72C5126BA0041432B /* FirebaseFirestore */,
				04F450D92C5126BA0041432B /* FirebaseFirestoreCombine-Community */,
				04F450DB2C5126BA0041432B /* FirebaseFirestoreSwift */,
				04F450DD2C5126BA0041432B /* FirebaseFunctions */,
				04F450DF2C5126BA0041432B /* FirebaseFunctionsCombine-Community */,
				04F450E12C5126BA0041432B /* FirebaseInAppMessaging-Beta */,
				04F450E32C5126BA0041432B /* FirebaseInAppMessagingSwift-Beta */,
				04F450E52C5126BA0041432B /* FirebaseInstallations */,
				04F450E72C5126BA0041432B /* FirebaseMLModelDownloader */,
				04F450E92C5126BA0041432B /* FirebaseMessaging */,
				04F450EB2C5126BA0041432B /* FirebasePerformance */,
				04F450ED2C5126BA0041432B /* FirebaseRemoteConfig */,
				04F450EF2C5126BA0041432B /* FirebaseRemoteConfigSwift */,
				04F450F12C5126BA0041432B /* FirebaseStorage */,
				04F450F32C5126BA0041432B /* FirebaseStorageCombine-Community */,
				04F450F52C5126BA0041432B /* FirebaseVertexAI-Preview */,
				04F450F82C5126F20041432B /* GoogleSignIn */,
				04F450FA2C5126F20041432B /* GoogleSignInSwift */,
			);
			productName = Password_Manager;
			productReference = 04F450AC2C5122650041432B /* Password_Manager.app */;
			productType = "com.apple.product-type.application";
		};
/* End PBXNativeTarget section */

/* Begin PBXProject section */
		04F450A42C5122640041432B /* Project object */ = {
			isa = PBXProject;
			attributes = {
				BuildIndependentTargetsInParallel = 1;
				LastSwiftUpdateCheck = 1540;
				LastUpgradeCheck = 1540;
				TargetAttributes = {
					04F450AB2C5122650041432B = {
						CreatedOnToolsVersion = 15.4;
					};
				};
			};
			buildConfigurationList = 04F450A72C5122640041432B /* Build configuration list for PBXProject "Password_Manager" */;
			compatibilityVersion = "Xcode 14.0";
			developmentRegion = en;
			hasScannedForEncodings = 0;
			knownRegions = (
				en,
				Base,
			);
			mainGroup = 04F450A32C5122640041432B;
			packageReferences = (
				04F450BE2C5126BA0041432B /* XCRemoteSwiftPackageReference "firebase-ios-sdk" */,
				04F450F72C5126F20041432B /* XCRemoteSwiftPackageReference "GoogleSignIn-iOS" */,
			);
			productRefGroup = 04F450AD2C5122650041432B /* Products */;
			projectDirPath = "";
			projectRoot = "";
			targets = (
				04F450AB2C5122650041432B /* Password_Manager */,
			);
		};
/* End PBXProject section */

/* Begin PBXResourcesBuildPhase section */
		04F450AA2C5122650041432B /* Resources */ = {
			isa = PBXResourcesBuildPhase;
			buildActionMask = 2147483647;
			files = (
				04F450B72C5122660041432B /* Preview Assets.xcassets in Resources */,
				04F450FD2C5127BF0041432B /* GoogleService-Info.plist in Resources */,
				04F450B42C5122660041432B /* Assets.xcassets in Resources */,
			);
			runOnlyForDeploymentPostprocessing = 0;
		};
/* End PBXResourcesBuildPhase section */

/* Begin PBXSourcesBuildPhase section */
		04F450A82C5122650041432B /* Sources */ = {
			isa = PBXSourcesBuildPhase;
			buildActionMask = 2147483647;
			files = (
				04F450B22C5122650041432B /* ContentView.swift in Sources */,
				04F451032C5147E70041432B /* AuthenticationModel.swift in Sources */,
				04F451012C5147B30041432B /* EmailViewModel.swift in Sources */,
				04F451072C515A530041432B /* AuthenticationManager.swift in Sources */,
				04F450B02C5122650041432B /* Password_ManagerApp.swift in Sources */,
				04F451052C5148760041432B /* EmailView.swift in Sources */,
			);
			runOnlyForDeploymentPostprocessing = 0;
		};
/* End PBXSourcesBuildPhase section */

/* Begin XCBuildConfiguration section */
		04F450B82C5122660041432B /* Debug */ = {
			isa = XCBuildConfiguration;
			buildSettings = {
				ALWAYS_SEARCH_USER_PATHS = NO;
				ASSETCATALOG_COMPILER_GENERATE_SWIFT_ASSET_SYMBOL_EXTENSIONS = YES;
				CLANG_ANALYZER_NONNULL = YES;
				CLANG_ANALYZER_NUMBER_OBJECT_CONVERSION = YES_AGGRESSIVE;
				CLANG_CXX_LANGUAGE_STANDARD = "gnu++20";
				CLANG_ENABLE_MODULES = YES;
				CLANG_ENABLE_OBJC_ARC = YES;
				CLANG_ENABLE_OBJC_WEAK = YES;
				CLANG_WARN_BLOCK_CAPTURE_AUTORELEASING = YES;
				CLANG_WARN_BOOL_CONVERSION = YES;
				CLANG_WARN_COMMA = YES;
				CLANG_WARN_CONSTANT_CONVERSION = YES;
				CLANG_WARN_DEPRECATED_OBJC_IMPLEMENTATIONS = YES;
				CLANG_WARN_DIRECT_OBJC_ISA_USAGE = YES_ERROR;
				CLANG_WARN_DOCUMENTATION_COMMENTS = YES;
				CLANG_WARN_EMPTY_BODY = YES;
				CLANG_WARN_ENUM_CONVERSION = YES;
				CLANG_WARN_INFINITE_RECURSION = YES;
				CLANG_WARN_INT_CONVERSION = YES;
				CLANG_WARN_NON_LITERAL_NULL_CONVERSION = YES;
				CLANG_WARN_OBJC_IMPLICIT_RETAIN_SELF = YES;
				CLANG_WARN_OBJC_LITERAL_CONVERSION = YES;
				CLANG_WARN_OBJC_ROOT_CLASS = YES_ERROR;
				CLANG_WARN_QUOTED_INCLUDE_IN_FRAMEWORK_HEADER = YES;
				CLANG_WARN_RANGE_LOOP_ANALYSIS = YES;
				CLANG_WARN_STRICT_PROTOTYPES = YES;
				CLANG_WARN_SUSPICIOUS_MOVE = YES;
				CLANG_WARN_UNGUARDED_AVAILABILITY = YES_AGGRESSIVE;
				CLANG_WARN_UNREACHABLE_CODE = YES;
				CLANG_WARN__DUPLICATE_METHOD_MATCH = YES;
				COPY_PHASE_STRIP = NO;
				DEBUG_INFORMATION_FORMAT = dwarf;
				ENABLE_STRICT_OBJC_MSGSEND = YES;
				ENABLE_TESTABILITY = YES;
				ENABLE_USER_SCRIPT_SANDBOXING = YES;
				GCC_C_LANGUAGE_STANDARD = gnu17;
				GCC_DYNAMIC_NO_PIC = NO;
				GCC_NO_COMMON_BLOCKS = YES;
				GCC_OPTIMIZATION_LEVEL = 0;
				GCC_PREPROCESSOR_DEFINITIONS = (
					"DEBUG=1",
					"$(inherited)",
				);
				GCC_WARN_64_TO_32_BIT_CONVERSION = YES;
				GCC_WARN_ABOUT_RETURN_TYPE = YES_ERROR;
				GCC_WARN_UNDECLARED_SELECTOR = YES;
				GCC_WARN_UNINITIALIZED_AUTOS = YES_AGGRESSIVE;
				GCC_WARN_UNUSED_FUNCTION = YES;
				GCC_WARN_UNUSED_VARIABLE = YES;
				IPHONEOS_DEPLOYMENT_TARGET = 17.5;
				LOCALIZATION_PREFERS_STRING_CATALOGS = YES;
				MTL_ENABLE_DEBUG_INFO = INCLUDE_SOURCE;
				MTL_FAST_MATH = YES;
				ONLY_ACTIVE_ARCH = YES;
				SDKROOT = iphoneos;
				SWIFT_ACTIVE_COMPILATION_CONDITIONS = "DEBUG $(inherited)";
				SWIFT_OPTIMIZATION_LEVEL = "-Onone";
			};
			name = Debug;
		};
		04F450B92C5122660041432B /* Release */ = {
			isa = XCBuildConfiguration;
			buildSettings = {
				ALWAYS_SEARCH_USER_PATHS = NO;
				ASSETCATALOG_COMPILER_GENERATE_SWIFT_ASSET_SYMBOL_EXTENSIONS = YES;
				CLANG_ANALYZER_NONNULL = YES;
				CLANG_ANALYZER_NUMBER_OBJECT_CONVERSION = YES_AGGRESSIVE;
				CLANG_CXX_LANGUAGE_STANDARD = "gnu++20";
				CLANG_ENABLE_MODULES = YES;
				CLANG_ENABLE_OBJC_ARC = YES;
				CLANG_ENABLE_OBJC_WEAK = YES;
				CLANG_WARN_BLOCK_CAPTURE_AUTORELEASING = YES;
				CLANG_WARN_BOOL_CONVERSION = YES;
				CLANG_WARN_COMMA = YES;
				CLANG_WARN_CONSTANT_CONVERSION = YES;
				CLANG_WARN_DEPRECATED_OBJC_IMPLEMENTATIONS = YES;
				CLANG_WARN_DIRECT_OBJC_ISA_USAGE = YES_ERROR;
				CLANG_WARN_DOCUMENTATION_COMMENTS = YES;
				CLANG_WARN_EMPTY_BODY = YES;
				CLANG_WARN_ENUM_CONVERSION = YES;
				CLANG_WARN_INFINITE_RECURSION = YES;
				CLANG_WARN_INT_CONVERSION = YES;
				CLANG_WARN_NON_LITERAL_NULL_CONVERSION = YES;
				CLANG_WARN_OBJC_IMPLICIT_RETAIN_SELF = YES;
				CLANG_WARN_OBJC_LITERAL_CONVERSION = YES;
				CLANG_WARN_OBJC_ROOT_CLASS = YES_ERROR;
				CLANG_WARN_QUOTED_INCLUDE_IN_FRAMEWORK_HEADER = YES;
				CLANG_WARN_RANGE_LOOP_ANALYSIS = YES;
				CLANG_WARN_STRICT_PROTOTYPES = YES;
				CLANG_WARN_SUSPICIOUS_MOVE = YES;
				CLANG_WARN_UNGUARDED_AVAILABILITY = YES_AGGRESSIVE;
				CLANG_WARN_UNREACHABLE_CODE = YES;
				CLANG_WARN__DUPLICATE_METHOD_MATCH = YES;
				COPY_PHASE_STRIP = NO;
				DEBUG_INFORMATION_FORMAT = "dwarf-with-dsym";
				ENABLE_NS_ASSERTIONS = NO;
				ENABLE_STRICT_OBJC_MSGSEND = YES;
				ENABLE_USER_SCRIPT_SANDBOXING = YES;
				GCC_C_LANGUAGE_STANDARD = gnu17;
				GCC_NO_COMMON_BLOCKS = YES;
				GCC_WARN_64_TO_32_BIT_CONVERSION = YES;
				GCC_WARN_ABOUT_RETURN_TYPE = YES_ERROR;
				GCC_WARN_UNDECLARED_SELECTOR = YES;
				GCC_WARN_UNINITIALIZED_AUTOS = YES_AGGRESSIVE;
				GCC_WARN_UNUSED_FUNCTION = YES;
				GCC_WARN_UNUSED_VARIABLE = YES;
				IPHONEOS_DEPLOYMENT_TARGET = 17.5;
				LOCALIZATION_PREFERS_STRING_CATALOGS = YES;
				MTL_ENABLE_DEBUG_INFO = NO;
				MTL_FAST_MATH = YES;
				SDKROOT = iphoneos;
				SWIFT_COMPILATION_MODE = wholemodule;
				VALIDATE_PRODUCT = YES;
			};
			name = Release;
		};
		04F450BB2C5122660041432B /* Debug */ = {
			isa = XCBuildConfiguration;
			buildSettings = {
				ASSETCATALOG_COMPILER_APPICON_NAME = AppIcon;
				ASSETCATALOG_COMPILER_GLOBAL_ACCENT_COLOR_NAME = AccentColor;
				CODE_SIGN_STYLE = Automatic;
				CURRENT_PROJECT_VERSION = 1;
				DEVELOPMENT_ASSET_PATHS = "\"Password_Manager/Preview Content\"";
				DEVELOPMENT_TEAM = LWSYR986M3;
				ENABLE_PREVIEWS = YES;
				GENERATE_INFOPLIST_FILE = YES;
				INFOPLIST_FILE = "Password-Manager-Info.plist";
				INFOPLIST_KEY_UIApplicationSceneManifest_Generation = YES;
				INFOPLIST_KEY_UIApplicationSupportsIndirectInputEvents = YES;
				INFOPLIST_KEY_UILaunchScreen_Generation = YES;
				INFOPLIST_KEY_UISupportedInterfaceOrientations_iPad = "UIInterfaceOrientationPortrait UIInterfaceOrientationPortraitUpsideDown UIInterfaceOrientationLandscapeLeft UIInterfaceOrientationLandscapeRight";
				INFOPLIST_KEY_UISupportedInterfaceOrientations_iPhone = "UIInterfaceOrientationPortrait UIInterfaceOrientationLandscapeLeft UIInterfaceOrientationLandscapeRight";
				LD_RUNPATH_SEARCH_PATHS = (
					"$(inherited)",
					"@executable_path/Frameworks",
				);
				MARKETING_VERSION = 1.0;
				PRODUCT_BUNDLE_IDENTIFIER = "llla.Password-Manager";
				PRODUCT_NAME = "$(TARGET_NAME)";
				SWIFT_EMIT_LOC_STRINGS = YES;
				SWIFT_VERSION = 5.0;
				TARGETED_DEVICE_FAMILY = "1,2";
			};
			name = Debug;
		};
		04F450BC2C5122660041432B /* Release */ = {
			isa = XCBuildConfiguration;
			buildSettings = {
				ASSETCATALOG_COMPILER_APPICON_NAME = AppIcon;
				ASSETCATALOG_COMPILER_GLOBAL_ACCENT_COLOR_NAME = AccentColor;
				CODE_SIGN_STYLE = Automatic;
				CURRENT_PROJECT_VERSION = 1;
				DEVELOPMENT_ASSET_PATHS = "\"Password_Manager/Preview Content\"";
				DEVELOPMENT_TEAM = LWSYR986M3;
				ENABLE_PREVIEWS = YES;
				GENERATE_INFOPLIST_FILE = YES;
				INFOPLIST_FILE = "Password-Manager-Info.plist";
				INFOPLIST_KEY_UIApplicationSceneManifest_Generation = YES;
				INFOPLIST_KEY_UIApplicationSupportsIndirectInputEvents = YES;
				INFOPLIST_KEY_UILaunchScreen_Generation = YES;
				INFOPLIST_KEY_UISupportedInterfaceOrientations_iPad = "UIInterfaceOrientationPortrait UIInterfaceOrientationPortraitUpsideDown UIInterfaceOrientationLandscapeLeft UIInterfaceOrientationLandscapeRight";
				INFOPLIST_KEY_UISupportedInterfaceOrientations_iPhone = "UIInterfaceOrientationPortrait UIInterfaceOrientationLandscapeLeft UIInterfaceOrientationLandscapeRight";
				LD_RUNPATH_SEARCH_PATHS = (
					"$(inherited)",
					"@executable_path/Frameworks",
				);
				MARKETING_VERSION = 1.0;
				PRODUCT_BUNDLE_IDENTIFIER = "llla.Password-Manager";
				PRODUCT_NAME = "$(TARGET_NAME)";
				SWIFT_EMIT_LOC_STRINGS = YES;
				SWIFT_VERSION = 5.0;
				TARGETED_DEVICE_FAMILY = "1,2";
			};
			name = Release;
		};
/* End XCBuildConfiguration section */

/* Begin XCConfigurationList section */
		04F450A72C5122640041432B /* Build configuration list for PBXProject "Password_Manager" */ = {
			isa = XCConfigurationList;
			buildConfigurations = (
				04F450B82C5122660041432B /* Debug */,
				04F450B92C5122660041432B /* Release */,
			);
			defaultConfigurationIsVisible = 0;
			defaultConfigurationName = Release;
		};
		04F450BA2C5122660041432B /* Build configuration list for PBXNativeTarget "Password_Manager" */ = {
			isa = XCConfigurationList;
			buildConfigurations = (
				04F450BB2C5122660041432B /* Debug */,
				04F450BC2C5122660041432B /* Release */,
			);
			defaultConfigurationIsVisible = 0;
			defaultConfigurationName = Release;
		};
/* End XCConfigurationList section */

/* Begin XCRemoteSwiftPackageReference section */
		04F450BE2C5126BA0041432B /* XCRemoteSwiftPackageReference "firebase-ios-sdk" */ = {
			isa = XCRemoteSwiftPackageReference;
			repositoryURL = "https://github.com/firebase/firebase-ios-sdk";
			requirement = {
				kind = upToNextMajorVersion;
				minimumVersion = 10.29.0;
			};
		};
		04F450F72C5126F20041432B /* XCRemoteSwiftPackageReference "GoogleSignIn-iOS" */ = {
			isa = XCRemoteSwiftPackageReference;
			repositoryURL = "https://github.com/google/GoogleSignIn-iOS.git";
			requirement = {
				kind = upToNextMajorVersion;
				minimumVersion = 7.1.0;
			};
		};
/* End XCRemoteSwiftPackageReference section */

/* Begin XCSwiftPackageProductDependency section */
		04F450BF2C5126BA0041432B /* FirebaseAnalytics */ = {
			isa = XCSwiftPackageProductDependency;
			package = 04F450BE2C5126BA0041432B /* XCRemoteSwiftPackageReference "firebase-ios-sdk" */;
			productName = FirebaseAnalytics;
		};
		04F450C12C5126BA0041432B /* FirebaseAnalyticsOnDeviceConversion */ = {
			isa = XCSwiftPackageProductDependency;
			package = 04F450BE2C5126BA0041432B /* XCRemoteSwiftPackageReference "firebase-ios-sdk" */;
			productName = FirebaseAnalyticsOnDeviceConversion;
		};
		04F450C32C5126BA0041432B /* FirebaseAnalyticsSwift */ = {
			isa = XCSwiftPackageProductDependency;
			package = 04F450BE2C5126BA0041432B /* XCRemoteSwiftPackageReference "firebase-ios-sdk" */;
			productName = FirebaseAnalyticsSwift;
		};
		04F450C52C5126BA0041432B /* FirebaseAnalyticsWithoutAdIdSupport */ = {
			isa = XCSwiftPackageProductDependency;
			package = 04F450BE2C5126BA0041432B /* XCRemoteSwiftPackageReference "firebase-ios-sdk" */;
			productName = FirebaseAnalyticsWithoutAdIdSupport;
		};
		04F450C72C5126BA0041432B /* FirebaseAppCheck */ = {
			isa = XCSwiftPackageProductDependency;
			package = 04F450BE2C5126BA0041432B /* XCRemoteSwiftPackageReference "firebase-ios-sdk" */;
			productName = FirebaseAppCheck;
		};
		04F450C92C5126BA0041432B /* FirebaseAppDistribution-Beta */ = {
			isa = XCSwiftPackageProductDependency;
			package = 04F450BE2C5126BA0041432B /* XCRemoteSwiftPackageReference "firebase-ios-sdk" */;
			productName = "FirebaseAppDistribution-Beta";
		};
		04F450CB2C5126BA0041432B /* FirebaseAuth */ = {
			isa = XCSwiftPackageProductDependency;
			package = 04F450BE2C5126BA0041432B /* XCRemoteSwiftPackageReference "firebase-ios-sdk" */;
			productName = FirebaseAuth;
		};
		04F450CD2C5126BA0041432B /* FirebaseAuthCombine-Community */ = {
			isa = XCSwiftPackageProductDependency;
			package = 04F450BE2C5126BA0041432B /* XCRemoteSwiftPackageReference "firebase-ios-sdk" */;
			productName = "FirebaseAuthCombine-Community";
		};
		04F450CF2C5126BA0041432B /* FirebaseCrashlytics */ = {
			isa = XCSwiftPackageProductDependency;
			package = 04F450BE2C5126BA0041432B /* XCRemoteSwiftPackageReference "firebase-ios-sdk" */;
			productName = FirebaseCrashlytics;
		};
		04F450D12C5126BA0041432B /* FirebaseDatabase */ = {
			isa = XCSwiftPackageProductDependency;
			package = 04F450BE2C5126BA0041432B /* XCRemoteSwiftPackageReference "firebase-ios-sdk" */;
			productName = FirebaseDatabase;
		};
		04F450D32C5126BA0041432B /* FirebaseDatabaseSwift */ = {
			isa = XCSwiftPackageProductDependency;
			package = 04F450BE2C5126BA0041432B /* XCRemoteSwiftPackageReference "firebase-ios-sdk" */;
			productName = FirebaseDatabaseSwift;
		};
		04F450D52C5126BA0041432B /* FirebaseDynamicLinks */ = {
			isa = XCSwiftPackageProductDependency;
			package = 04F450BE2C5126BA0041432B /* XCRemoteSwiftPackageReference "firebase-ios-sdk" */;
			productName = FirebaseDynamicLinks;
		};
		04F450D72C5126BA0041432B /* FirebaseFirestore */ = {
			isa = XCSwiftPackageProductDependency;
			package = 04F450BE2C5126BA0041432B /* XCRemoteSwiftPackageReference "firebase-ios-sdk" */;
			productName = FirebaseFirestore;
		};
		04F450D92C5126BA0041432B /* FirebaseFirestoreCombine-Community */ = {
			isa = XCSwiftPackageProductDependency;
			package = 04F450BE2C5126BA0041432B /* XCRemoteSwiftPackageReference "firebase-ios-sdk" */;
			productName = "FirebaseFirestoreCombine-Community";
		};
		04F450DB2C5126BA0041432B /* FirebaseFirestoreSwift */ = {
			isa = XCSwiftPackageProductDependency;
			package = 04F450BE2C5126BA0041432B /* XCRemoteSwiftPackageReference "firebase-ios-sdk" */;
			productName = FirebaseFirestoreSwift;
		};
		04F450DD2C5126BA0041432B /* FirebaseFunctions */ = {
			isa = XCSwiftPackageProductDependency;
			package = 04F450BE2C5126BA0041432B /* XCRemoteSwiftPackageReference "firebase-ios-sdk" */;
			productName = FirebaseFunctions;
		};
		04F450DF2C5126BA0041432B /* FirebaseFunctionsCombine-Community */ = {
			isa = XCSwiftPackageProductDependency;
			package = 04F450BE2C5126BA0041432B /* XCRemoteSwiftPackageReference "firebase-ios-sdk" */;
			productName = "FirebaseFunctionsCombine-Community";
		};
		04F450E12C5126BA0041432B /* FirebaseInAppMessaging-Beta */ = {
			isa = XCSwiftPackageProductDependency;
			package = 04F450BE2C5126BA0041432B /* XCRemoteSwiftPackageReference "firebase-ios-sdk" */;
			productName = "FirebaseInAppMessaging-Beta";
		};
		04F450E32C5126BA0041432B /* FirebaseInAppMessagingSwift-Beta */ = {
			isa = XCSwiftPackageProductDependency;
			package = 04F450BE2C5126BA0041432B /* XCRemoteSwiftPackageReference "firebase-ios-sdk" */;
			productName = "FirebaseInAppMessagingSwift-Beta";
		};
		04F450E52C5126BA0041432B /* FirebaseInstallations */ = {
			isa = XCSwiftPackageProductDependency;
			package = 04F450BE2C5126BA0041432B /* XCRemoteSwiftPackageReference "firebase-ios-sdk" */;
			productName = FirebaseInstallations;
		};
		04F450E72C5126BA0041432B /* FirebaseMLModelDownloader */ = {
			isa = XCSwiftPackageProductDependency;
			package = 04F450BE2C5126BA0041432B /* XCRemoteSwiftPackageReference "firebase-ios-sdk" */;
			productName = FirebaseMLModelDownloader;
		};
		04F450E92C5126BA0041432B /* FirebaseMessaging */ = {
			isa = XCSwiftPackageProductDependency;
			package = 04F450BE2C5126BA0041432B /* XCRemoteSwiftPackageReference "firebase-ios-sdk" */;
			productName = FirebaseMessaging;
		};
		04F450EB2C5126BA0041432B /* FirebasePerformance */ = {
			isa = XCSwiftPackageProductDependency;
			package = 04F450BE2C5126BA0041432B /* XCRemoteSwiftPackageReference "firebase-ios-sdk" */;
			productName = FirebasePerformance;
		};
		04F450ED2C5126BA0041432B /* FirebaseRemoteConfig */ = {
			isa = XCSwiftPackageProductDependency;
			package = 04F450BE2C5126BA0041432B /* XCRemoteSwiftPackageReference "firebase-ios-sdk" */;
			productName = FirebaseRemoteConfig;
		};
		04F450EF2C5126BA0041432B /* FirebaseRemoteConfigSwift */ = {
			isa = XCSwiftPackageProductDependency;
			package = 04F450BE2C5126BA0041432B /* XCRemoteSwiftPackageReference "firebase-ios-sdk" */;
			productName = FirebaseRemoteConfigSwift;
		};
		04F450F12C5126BA0041432B /* FirebaseStorage */ = {
			isa = XCSwiftPackageProductDependency;
			package = 04F450BE2C5126BA0041432B /* XCRemoteSwiftPackageReference "firebase-ios-sdk" */;
			productName = FirebaseStorage;
		};
		04F450F32C5126BA0041432B /* FirebaseStorageCombine-Community */ = {
			isa = XCSwiftPackageProductDependency;
			package = 04F450BE2C5126BA0041432B /* XCRemoteSwiftPackageReference "firebase-ios-sdk" */;
			productName = "FirebaseStorageCombine-Community";
		};
		04F450F52C5126BA0041432B /* FirebaseVertexAI-Preview */ = {
			isa = XCSwiftPackageProductDependency;
			package = 04F450BE2C5126BA0041432B /* XCRemoteSwiftPackageReference "firebase-ios-sdk" */;
			productName = "FirebaseVertexAI-Preview";
		};
		04F450F82C5126F20041432B /* GoogleSignIn */ = {
			isa = XCSwiftPackageProductDependency;
			package = 04F450F72C5126F20041432B /* XCRemoteSwiftPackageReference "GoogleSignIn-iOS" */;
			productName = GoogleSignIn;
		};
		04F450FA2C5126F20041432B /* GoogleSignInSwift */ = {
			isa = XCSwiftPackageProductDependency;
			package = 04F450F72C5126F20041432B /* XCRemoteSwiftPackageReference "GoogleSignIn-iOS" */;
			productName = GoogleSignInSwift;
		};
/* End XCSwiftPackageProductDependency section */
	};
	rootObject = 04F450A42C5122640041432B /* Project object */;
}
